
Microsoft Visual Studio Solution File, Format Version 12.00
# Visual Studio Version 17
VisualStudioVersion = 17.5.33530.505
MinimumVisualStudioVersion = 10.0.40219.1
Project("{FAE04EC0-301F-11D3-BF4B-00C04F79EFBC}") = "SerialKillerPredictionUI", "SerialKillerPredictionUI.csproj", "{13EBB3AA-D0E1-4A2F-A54F-A72CEE2E3F54}"
EndProject
Global
	GlobalSection(SolutionConfigurationPlatforms) = preSolution
		Debug|Any CPU = Debug|Any CPU
		Release|Any CPU = Release|Any CPU
	EndGlobalSection
	GlobalSection(ProjectConfigurationPlatforms) = postSolution
		{13EBB3AA-D0E1-4A2F-A54F-A72CEE2E3F54}.Debug|Any CPU.ActiveCfg = Debug|Any CPU
		{13EBB3AA-D0E1-4A2F-A54F-A72CEE2E3F54}.Debug|Any CPU.Build.0 = Debug|Any CPU
		{13EBB3AA-D0E1-4A2F-A54F-A72CEE2E3F54}.Release|Any CPU.ActiveCfg = Release|Any CPU
		{13EBB3AA-D0E1-4A2F-A54F-A72CEE2E3F54}.Release|Any CPU.Build.0 = Release|Any CPU
	EndGlobalSection
	GlobalSection(SolutionProperties) = preSolution
		HideSolutionNode = FALSE
	EndGlobalSection
	GlobalSection(ExtensibilityGlobals) = postSolution
		SolutionGuid = {993FE39E-24A8-4BA0-8C49-0651C8D4995B}
	EndGlobalSection
EndGlobal
